// !$*UTF8*$!
{
	archiveVersion = 1;
	classes = {
	};
	objectVersion = 46;
	objects = {

/* Begin PBXBuildFile section */
		4973E6B21E7249560046F060 /* ProfileVC.swift in Sources */ = {isa = PBXBuildFile; fileRef = 4973E6B11E7249560046F060 /* ProfileVC.swift */; };
		4973E6B41E7254050046F060 /* ProfileButtonView.swift in Sources */ = {isa = PBXBuildFile; fileRef = 4973E6B31E7254050046F060 /* ProfileButtonView.swift */; };
		49B87A241E74CFA300C41DF4 /* ProfileBg.swift in Sources */ = {isa = PBXBuildFile; fileRef = 49B87A231E74CFA300C41DF4 /* ProfileBg.swift */; };
		53A984102E797BC0499D4695 /* Pods_WePlay.framework in Frameworks */ = {isa = PBXBuildFile; fileRef = 209A64DB8E378CC339F53E67 /* Pods_WePlay.framework */; };
		E10C668C1E57A37700F83B1B /* LoginVC.swift in Sources */ = {isa = PBXBuildFile; fileRef = E10C668B1E57A37700F83B1B /* LoginVC.swift */; };
		E10C668F1E57AD2B00F83B1B /* bg.mp4 in Resources */ = {isa = PBXBuildFile; fileRef = E10C668E1E57AD2B00F83B1B /* bg.mp4 */; };
		E11AB5B91E64AF4000B2354E /* ChannelListVC.swift in Sources */ = {isa = PBXBuildFile; fileRef = E11AB5B81E64AF4000B2354E /* ChannelListVC.swift */; };
		E11AB5BB1E64AF8F00B2354E /* ChannelViewVC.swift in Sources */ = {isa = PBXBuildFile; fileRef = E11AB5BA1E64AF8F00B2354E /* ChannelViewVC.swift */; };
		E11AB5BD1E64B8A200B2354E /* Channel.swift in Sources */ = {isa = PBXBuildFile; fileRef = E11AB5BC1E64B8A200B2354E /* Channel.swift */; };
		E11AB5C11E65386600B2354E /* UIImage+Gif.swift in Sources */ = {isa = PBXBuildFile; fileRef = E11AB5C01E65386600B2354E /* UIImage+Gif.swift */; };
		E11B0C881E724CAF00C61361 /* CurrentEventsVC.swift in Sources */ = {isa = PBXBuildFile; fileRef = E11B0C871E724CAE00C61361 /* CurrentEventsVC.swift */; };
		E11B0C8A1E73298F00C61361 /* TransitionManager.swift in Sources */ = {isa = PBXBuildFile; fileRef = E11B0C891E73298E00C61361 /* TransitionManager.swift */; };
		E1348F8D1E63917000574AE3 /* LandingPgVC.swift in Sources */ = {isa = PBXBuildFile; fileRef = E1348F8C1E63917000574AE3 /* LandingPgVC.swift */; };
		E1348F8F1E6391E600574AE3 /* RadialMenu.swift in Sources */ = {isa = PBXBuildFile; fileRef = E1348F8E1E6391E600574AE3 /* RadialMenu.swift */; };
		E1348F911E6392B800574AE3 /* RadialButton.swift in Sources */ = {isa = PBXBuildFile; fileRef = E1348F901E6392B800574AE3 /* RadialButton.swift */; };
		E13C9E801E6C69A7008235D9 /* MagicTBC.swift in Sources */ = {isa = PBXBuildFile; fileRef = E13C9E7F1E6C69A7008235D9 /* MagicTBC.swift */; };
		E13C9E881E6DFBF3008235D9 /* MagicVC.swift in Sources */ = {isa = PBXBuildFile; fileRef = E13C9E871E6DFBF3008235D9 /* MagicVC.swift */; };
		E13E11F81E747C920042C372 /* CustomSegue.swift in Sources */ = {isa = PBXBuildFile; fileRef = E13E11F71E747C920042C372 /* CustomSegue.swift */; };
		E13E11FA1E749E410042C372 /* SegueFromLeft.swift in Sources */ = {isa = PBXBuildFile; fileRef = E13E11F91E749E400042C372 /* SegueFromLeft.swift */; };
		E195A9761E60A3C5004E3ABE /* GoogleService-Info.plist in Resources */ = {isa = PBXBuildFile; fileRef = E195A9751E60A3C4004E3ABE /* GoogleService-Info.plist */; };
		E1B924981E576BF100B4F272 /* AppDelegate.swift in Sources */ = {isa = PBXBuildFile; fileRef = E1B924971E576BF100B4F272 /* AppDelegate.swift */; };
		E1B924A11E576BF100B4F272 /* Main.storyboard in Resources */ = {isa = PBXBuildFile; fileRef = E1B9249F1E576BF100B4F272 /* Main.storyboard */; };
		E1B924A31E576BF100B4F272 /* Assets.xcassets in Resources */ = {isa = PBXBuildFile; fileRef = E1B924A21E576BF100B4F272 /* Assets.xcassets */; };
		E1B924B11E576BF100B4F272 /* WePlayTests.swift in Sources */ = {isa = PBXBuildFile; fileRef = E1B924B01E576BF100B4F272 /* WePlayTests.swift */; };
		E1B924BC1E576BF100B4F272 /* WePlayUITests.swift in Sources */ = {isa = PBXBuildFile; fileRef = E1B924BB1E576BF100B4F272 /* WePlayUITests.swift */; };
		E1C170B91E6299A3008E4D69 /* AppDelegate.swift in Sources */ = {isa = PBXBuildFile; fileRef = E1B924971E576BF100B4F272 /* AppDelegate.swift */; };
		E1C170BA1E6299A4008E4D69 /* AppDelegate.swift in Sources */ = {isa = PBXBuildFile; fileRef = E1B924971E576BF100B4F272 /* AppDelegate.swift */; };
		E1C170BB1E6299A7008E4D69 /* LoginVC.swift in Sources */ = {isa = PBXBuildFile; fileRef = E10C668B1E57A37700F83B1B /* LoginVC.swift */; };
		E1C170BC1E6299A8008E4D69 /* LoginVC.swift in Sources */ = {isa = PBXBuildFile; fileRef = E10C668B1E57A37700F83B1B /* LoginVC.swift */; };
		E1DAE8061E65E6BA0076E69A /* AdSupport.framework in Frameworks */ = {isa = PBXBuildFile; fileRef = E1DAE8051E65E6BA0076E69A /* AdSupport.framework */; };
		E1DAE80A1E65E80E0076E69A /* CreateChannelCell.swift in Sources */ = {isa = PBXBuildFile; fileRef = E1DAE8091E65E80E0076E69A /* CreateChannelCell.swift */; };
		E1F22C1D1E6F859C00BEE359 /* SwipeNavigationVC.swift in Sources */ = {isa = PBXBuildFile; fileRef = E1F22C1C1E6F859C00BEE359 /* SwipeNavigationVC.swift */; };
/* End PBXBuildFile section */

/* Begin PBXContainerItemProxy section */
		E1B924AD1E576BF100B4F272 /* PBXContainerItemProxy */ = {
			isa = PBXContainerItemProxy;
			containerPortal = E1B9248C1E576BF000B4F272 /* Project object */;
			proxyType = 1;
			remoteGlobalIDString = E1B924931E576BF000B4F272;
			remoteInfo = WePlay;
		};
		E1B924B81E576BF100B4F272 /* PBXContainerItemProxy */ = {
			isa = PBXContainerItemProxy;
			containerPortal = E1B9248C1E576BF000B4F272 /* Project object */;
			proxyType = 1;
			remoteGlobalIDString = E1B924931E576BF000B4F272;
			remoteInfo = WePlay;
		};
/* End PBXContainerItemProxy section */

/* Begin PBXFileReference section */
		209A64DB8E378CC339F53E67 /* Pods_WePlay.framework */ = {isa = PBXFileReference; explicitFileType = wrapper.framework; includeInIndex = 0; path = Pods_WePlay.framework; sourceTree = BUILT_PRODUCTS_DIR; };
		4973E6B11E7249560046F060 /* ProfileVC.swift */ = {isa = PBXFileReference; fileEncoding = 4; lastKnownFileType = sourcecode.swift; path = ProfileVC.swift; sourceTree = "<group>"; };
		4973E6B31E7254050046F060 /* ProfileButtonView.swift */ = {isa = PBXFileReference; fileEncoding = 4; lastKnownFileType = sourcecode.swift; path = ProfileButtonView.swift; sourceTree = "<group>"; };
		49B87A231E74CFA300C41DF4 /* ProfileBg.swift */ = {isa = PBXFileReference; fileEncoding = 4; lastKnownFileType = sourcecode.swift; path = ProfileBg.swift; sourceTree = "<group>"; };
		94FD9880296593FEB59F26D9 /* Pods-WePlay.release.xcconfig */ = {isa = PBXFileReference; includeInIndex = 1; lastKnownFileType = text.xcconfig; name = "Pods-WePlay.release.xcconfig"; path = "Pods/Target Support Files/Pods-WePlay/Pods-WePlay.release.xcconfig"; sourceTree = "<group>"; };
		9A70378DFE354060CBCFA864 /* Pods-WePlay.debug.xcconfig */ = {isa = PBXFileReference; includeInIndex = 1; lastKnownFileType = text.xcconfig; name = "Pods-WePlay.debug.xcconfig"; path = "Pods/Target Support Files/Pods-WePlay/Pods-WePlay.debug.xcconfig"; sourceTree = "<group>"; };
		E10C668B1E57A37700F83B1B /* LoginVC.swift */ = {isa = PBXFileReference; fileEncoding = 4; lastKnownFileType = sourcecode.swift; path = LoginVC.swift; sourceTree = "<group>"; };
		E10C668E1E57AD2B00F83B1B /* bg.mp4 */ = {isa = PBXFileReference; lastKnownFileType = file; path = bg.mp4; sourceTree = "<group>"; };
		E11AB5B81E64AF4000B2354E /* ChannelListVC.swift */ = {isa = PBXFileReference; fileEncoding = 4; lastKnownFileType = sourcecode.swift; path = ChannelListVC.swift; sourceTree = "<group>"; };
		E11AB5BA1E64AF8F00B2354E /* ChannelViewVC.swift */ = {isa = PBXFileReference; fileEncoding = 4; lastKnownFileType = sourcecode.swift; path = ChannelViewVC.swift; sourceTree = "<group>"; };
		E11AB5BC1E64B8A200B2354E /* Channel.swift */ = {isa = PBXFileReference; fileEncoding = 4; lastKnownFileType = sourcecode.swift; path = Channel.swift; sourceTree = "<group>"; };
		E11AB5C01E65386600B2354E /* UIImage+Gif.swift */ = {isa = PBXFileReference; fileEncoding = 4; lastKnownFileType = sourcecode.swift; path = "UIImage+Gif.swift"; sourceTree = "<group>"; };
		E11B0C871E724CAE00C61361 /* CurrentEventsVC.swift */ = {isa = PBXFileReference; fileEncoding = 4; lastKnownFileType = sourcecode.swift; path = CurrentEventsVC.swift; sourceTree = "<group>"; };
		E11B0C891E73298E00C61361 /* TransitionManager.swift */ = {isa = PBXFileReference; fileEncoding = 4; lastKnownFileType = sourcecode.swift; path = TransitionManager.swift; sourceTree = "<group>"; };
		E1348F8C1E63917000574AE3 /* LandingPgVC.swift */ = {isa = PBXFileReference; fileEncoding = 4; lastKnownFileType = sourcecode.swift; path = LandingPgVC.swift; sourceTree = "<group>"; };
		E1348F8E1E6391E600574AE3 /* RadialMenu.swift */ = {isa = PBXFileReference; fileEncoding = 4; lastKnownFileType = sourcecode.swift; path = RadialMenu.swift; sourceTree = "<group>"; };
		E1348F901E6392B800574AE3 /* RadialButton.swift */ = {isa = PBXFileReference; fileEncoding = 4; lastKnownFileType = sourcecode.swift; path = RadialButton.swift; sourceTree = "<group>"; };
		E13C9E7F1E6C69A7008235D9 /* MagicTBC.swift */ = {isa = PBXFileReference; fileEncoding = 4; lastKnownFileType = sourcecode.swift; path = MagicTBC.swift; sourceTree = "<group>"; };
		E13C9E871E6DFBF3008235D9 /* MagicVC.swift */ = {isa = PBXFileReference; fileEncoding = 4; lastKnownFileType = sourcecode.swift; path = MagicVC.swift; sourceTree = "<group>"; };
		E13E11F71E747C920042C372 /* CustomSegue.swift */ = {isa = PBXFileReference; fileEncoding = 4; lastKnownFileType = sourcecode.swift; path = CustomSegue.swift; sourceTree = "<group>"; };
		E13E11F91E749E400042C372 /* SegueFromLeft.swift */ = {isa = PBXFileReference; fileEncoding = 4; lastKnownFileType = sourcecode.swift; path = SegueFromLeft.swift; sourceTree = "<group>"; };
		E14D5FEA1E634A330033AAF7 /* Bridging.h */ = {isa = PBXFileReference; lastKnownFileType = sourcecode.c.h; path = Bridging.h; sourceTree = "<group>"; };
		E195A9751E60A3C4004E3ABE /* GoogleService-Info.plist */ = {isa = PBXFileReference; fileEncoding = 4; lastKnownFileType = text.plist.xml; path = "GoogleService-Info.plist"; sourceTree = "<group>"; };
		E1B924941E576BF100B4F272 /* WePlay.app */ = {isa = PBXFileReference; explicitFileType = wrapper.application; includeInIndex = 0; path = WePlay.app; sourceTree = BUILT_PRODUCTS_DIR; };
		E1B924971E576BF100B4F272 /* AppDelegate.swift */ = {isa = PBXFileReference; lastKnownFileType = sourcecode.swift; path = AppDelegate.swift; sourceTree = "<group>"; };
		E1B924A01E576BF100B4F272 /* Base */ = {isa = PBXFileReference; lastKnownFileType = file.storyboard; name = Base; path = Base.lproj/Main.storyboard; sourceTree = "<group>"; };
		E1B924A21E576BF100B4F272 /* Assets.xcassets */ = {isa = PBXFileReference; lastKnownFileType = folder.assetcatalog; path = Assets.xcassets; sourceTree = "<group>"; };
		E1B924A51E576BF100B4F272 /* Base */ = {isa = PBXFileReference; lastKnownFileType = file.storyboard; name = Base; path = Base.lproj/LaunchScreen.storyboard; sourceTree = "<group>"; };
		E1B924A71E576BF100B4F272 /* Info.plist */ = {isa = PBXFileReference; lastKnownFileType = text.plist.xml; path = Info.plist; sourceTree = "<group>"; };
		E1B924AC1E576BF100B4F272 /* WePlayTests.xctest */ = {isa = PBXFileReference; explicitFileType = wrapper.cfbundle; includeInIndex = 0; path = WePlayTests.xctest; sourceTree = BUILT_PRODUCTS_DIR; };
		E1B924B01E576BF100B4F272 /* WePlayTests.swift */ = {isa = PBXFileReference; lastKnownFileType = sourcecode.swift; path = WePlayTests.swift; sourceTree = "<group>"; };
		E1B924B21E576BF100B4F272 /* Info.plist */ = {isa = PBXFileReference; lastKnownFileType = text.plist.xml; path = Info.plist; sourceTree = "<group>"; };
		E1B924B71E576BF100B4F272 /* WePlayUITests.xctest */ = {isa = PBXFileReference; explicitFileType = wrapper.cfbundle; includeInIndex = 0; path = WePlayUITests.xctest; sourceTree = BUILT_PRODUCTS_DIR; };
		E1B924BB1E576BF100B4F272 /* WePlayUITests.swift */ = {isa = PBXFileReference; lastKnownFileType = sourcecode.swift; path = WePlayUITests.swift; sourceTree = "<group>"; };
		E1B924BD1E576BF100B4F272 /* Info.plist */ = {isa = PBXFileReference; lastKnownFileType = text.plist.xml; path = Info.plist; sourceTree = "<group>"; };
		E1DAE8051E65E6BA0076E69A /* AdSupport.framework */ = {isa = PBXFileReference; lastKnownFileType = wrapper.framework; name = AdSupport.framework; path = System/Library/Frameworks/AdSupport.framework; sourceTree = SDKROOT; };
		E1DAE8091E65E80E0076E69A /* CreateChannelCell.swift */ = {isa = PBXFileReference; fileEncoding = 4; lastKnownFileType = sourcecode.swift; path = CreateChannelCell.swift; sourceTree = "<group>"; };
		E1F22C1C1E6F859C00BEE359 /* SwipeNavigationVC.swift */ = {isa = PBXFileReference; fileEncoding = 4; lastKnownFileType = sourcecode.swift; path = SwipeNavigationVC.swift; sourceTree = "<group>"; };
/* End PBXFileReference section */

/* Begin PBXFrameworksBuildPhase section */
		E1B924911E576BF000B4F272 /* Frameworks */ = {
			isa = PBXFrameworksBuildPhase;
			buildActionMask = 2147483647;
			files = (
				E1DAE8061E65E6BA0076E69A /* AdSupport.framework in Frameworks */,
				53A984102E797BC0499D4695 /* Pods_WePlay.framework in Frameworks */,
			);
			runOnlyForDeploymentPostprocessing = 0;
		};
		E1B924A91E576BF100B4F272 /* Frameworks */ = {
			isa = PBXFrameworksBuildPhase;
			buildActionMask = 2147483647;
			files = (
			);
			runOnlyForDeploymentPostprocessing = 0;
		};
		E1B924B41E576BF100B4F272 /* Frameworks */ = {
			isa = PBXFrameworksBuildPhase;
			buildActionMask = 2147483647;
			files = (
			);
			runOnlyForDeploymentPostprocessing = 0;
		};
/* End PBXFrameworksBuildPhase section */

/* Begin PBXGroup section */
		55FB6E22379C19DD423DCD6C /* Frameworks */ = {
			isa = PBXGroup;
			children = (
				E1DAE8051E65E6BA0076E69A /* AdSupport.framework */,
				209A64DB8E378CC339F53E67 /* Pods_WePlay.framework */,
			);
			name = Frameworks;
			sourceTree = "<group>";
		};
		797B0E8E4FFEEAB8AEE5AB9A /* Pods */ = {
			isa = PBXGroup;
			children = (
				9A70378DFE354060CBCFA864 /* Pods-WePlay.debug.xcconfig */,
				94FD9880296593FEB59F26D9 /* Pods-WePlay.release.xcconfig */,
			);
			name = Pods;
			sourceTree = "<group>";
		};
		E13E11F21E745DCA0042C372 /* TBC */ = {
			isa = PBXGroup;
			children = (
				E1F22C1C1E6F859C00BEE359 /* SwipeNavigationVC.swift */,
				E11B0C891E73298E00C61361 /* TransitionManager.swift */,
				E13C9E7F1E6C69A7008235D9 /* MagicTBC.swift */,
			);
			name = TBC;
			sourceTree = "<group>";
		};
		E13E11F31E745E5B0042C372 /* Channels */ = {
			isa = PBXGroup;
			children = (
				E11AB5B81E64AF4000B2354E /* ChannelListVC.swift */,
				E11AB5BC1E64B8A200B2354E /* Channel.swift */,
				E11AB5BA1E64AF8F00B2354E /* ChannelViewVC.swift */,
				E1DAE8091E65E80E0076E69A /* CreateChannelCell.swift */,
				E11AB5C01E65386600B2354E /* UIImage+Gif.swift */,
			);
			name = Channels;
			sourceTree = "<group>";
		};
		E1B9248B1E576BF000B4F272 = {
			isa = PBXGroup;
			children = (
				E1B924961E576BF100B4F272 /* WePlay */,
				E1B924AF1E576BF100B4F272 /* WePlayTests */,
				E1B924BA1E576BF100B4F272 /* WePlayUITests */,
				E1B924951E576BF100B4F272 /* Products */,
				55FB6E22379C19DD423DCD6C /* Frameworks */,
				797B0E8E4FFEEAB8AEE5AB9A /* Pods */,
			);
			sourceTree = "<group>";
		};
		E1B924951E576BF100B4F272 /* Products */ = {
			isa = PBXGroup;
			children = (
				E1B924941E576BF100B4F272 /* WePlay.app */,
				E1B924AC1E576BF100B4F272 /* WePlayTests.xctest */,
				E1B924B71E576BF100B4F272 /* WePlayUITests.xctest */,
			);
			name = Products;
			sourceTree = "<group>";
		};
		E1B924961E576BF100B4F272 /* WePlay */ = {
			isa = PBXGroup;
			children = (
				E1B924971E576BF100B4F272 /* AppDelegate.swift */,
				E10C668B1E57A37700F83B1B /* LoginVC.swift */,
				E1348F8C1E63917000574AE3 /* LandingPgVC.swift */,
				E1348F8E1E6391E600574AE3 /* RadialMenu.swift */,
				E1348F901E6392B800574AE3 /* RadialButton.swift */,
				E13C9E871E6DFBF3008235D9 /* MagicVC.swift */,
				E13E11F31E745E5B0042C372 /* Channels */,
				E11B0C871E724CAE00C61361 /* CurrentEventsVC.swift */,
				E1B9249F1E576BF100B4F272 /* Main.storyboard */,
				4973E6B11E7249560046F060 /* ProfileVC.swift */,
				49B87A231E74CFA300C41DF4 /* ProfileBg.swift */,
				E1B924A21E576BF100B4F272 /* Assets.xcassets */,
				E1B924A71E576BF100B4F272 /* Info.plist */,
				E195A9751E60A3C4004E3ABE /* GoogleService-Info.plist */,
				E10C668E1E57AD2B00F83B1B /* bg.mp4 */,
				E14D5FEA1E634A330033AAF7 /* Bridging.h */,
<<<<<<< HEAD
				E13C9E7F1E6C69A7008235D9 /* MagicTBC.swift */,
				4973E6B31E7254050046F060 /* ProfileButtonView.swift */,
=======
				E1B924A41E576BF100B4F272 /* LaunchScreen.storyboard */,
				E13E11F21E745DCA0042C372 /* TBC */,
				E13E11F91E749E400042C372 /* SegueFromLeft.swift */,
				E13E11F71E747C920042C372 /* CustomSegue.swift */,
>>>>>>> current
			);
			path = WePlay;
			sourceTree = "<group>";
		};
		E1B924AF1E576BF100B4F272 /* WePlayTests */ = {
			isa = PBXGroup;
			children = (
				E1B924B01E576BF100B4F272 /* WePlayTests.swift */,
				E1B924B21E576BF100B4F272 /* Info.plist */,
			);
			path = WePlayTests;
			sourceTree = "<group>";
		};
		E1B924BA1E576BF100B4F272 /* WePlayUITests */ = {
			isa = PBXGroup;
			children = (
				E1B924BB1E576BF100B4F272 /* WePlayUITests.swift */,
				E1B924BD1E576BF100B4F272 /* Info.plist */,
			);
			path = WePlayUITests;
			sourceTree = "<group>";
		};
/* End PBXGroup section */

/* Begin PBXNativeTarget section */
		E1B924931E576BF000B4F272 /* WePlay */ = {
			isa = PBXNativeTarget;
			buildConfigurationList = E1B924C01E576BF100B4F272 /* Build configuration list for PBXNativeTarget "WePlay" */;
			buildPhases = (
				B88473441540E3254EBAD108 /* [CP] Check Pods Manifest.lock */,
				E1B924901E576BF000B4F272 /* Sources */,
				E1B924911E576BF000B4F272 /* Frameworks */,
				E1B924921E576BF000B4F272 /* Resources */,
				CD0D25479E9EB801F08E0320 /* [CP] Embed Pods Frameworks */,
				45E6382678D8C0DC552925E3 /* [CP] Copy Pods Resources */,
			);
			buildRules = (
			);
			dependencies = (
			);
			name = WePlay;
			productName = WePlay;
			productReference = E1B924941E576BF100B4F272 /* WePlay.app */;
			productType = "com.apple.product-type.application";
		};
		E1B924AB1E576BF100B4F272 /* WePlayTests */ = {
			isa = PBXNativeTarget;
			buildConfigurationList = E1B924C31E576BF100B4F272 /* Build configuration list for PBXNativeTarget "WePlayTests" */;
			buildPhases = (
				E1B924A81E576BF100B4F272 /* Sources */,
				E1B924A91E576BF100B4F272 /* Frameworks */,
				E1B924AA1E576BF100B4F272 /* Resources */,
			);
			buildRules = (
			);
			dependencies = (
				E1B924AE1E576BF100B4F272 /* PBXTargetDependency */,
			);
			name = WePlayTests;
			productName = WePlayTests;
			productReference = E1B924AC1E576BF100B4F272 /* WePlayTests.xctest */;
			productType = "com.apple.product-type.bundle.unit-test";
		};
		E1B924B61E576BF100B4F272 /* WePlayUITests */ = {
			isa = PBXNativeTarget;
			buildConfigurationList = E1B924C61E576BF100B4F272 /* Build configuration list for PBXNativeTarget "WePlayUITests" */;
			buildPhases = (
				E1B924B31E576BF100B4F272 /* Sources */,
				E1B924B41E576BF100B4F272 /* Frameworks */,
				E1B924B51E576BF100B4F272 /* Resources */,
			);
			buildRules = (
			);
			dependencies = (
				E1B924B91E576BF100B4F272 /* PBXTargetDependency */,
			);
			name = WePlayUITests;
			productName = WePlayUITests;
			productReference = E1B924B71E576BF100B4F272 /* WePlayUITests.xctest */;
			productType = "com.apple.product-type.bundle.ui-testing";
		};
/* End PBXNativeTarget section */

/* Begin PBXProject section */
		E1B9248C1E576BF000B4F272 /* Project object */ = {
			isa = PBXProject;
			attributes = {
				LastSwiftUpdateCheck = 0820;
				LastUpgradeCheck = 0820;
				ORGANIZATIONNAME = WePlay;
				TargetAttributes = {
					E1B924931E576BF000B4F272 = {
						CreatedOnToolsVersion = 8.2.1;
						DevelopmentTeam = X7JTK6KCA7;
						LastSwiftMigration = 0820;
						ProvisioningStyle = Automatic;
					};
					E1B924AB1E576BF100B4F272 = {
						CreatedOnToolsVersion = 8.2.1;
						DevelopmentTeam = 965PYCY9CN;
						ProvisioningStyle = Automatic;
						TestTargetID = E1B924931E576BF000B4F272;
					};
					E1B924B61E576BF100B4F272 = {
						CreatedOnToolsVersion = 8.2.1;
						DevelopmentTeam = 965PYCY9CN;
						ProvisioningStyle = Automatic;
						TestTargetID = E1B924931E576BF000B4F272;
					};
				};
			};
			buildConfigurationList = E1B9248F1E576BF000B4F272 /* Build configuration list for PBXProject "WePlay" */;
			compatibilityVersion = "Xcode 3.2";
			developmentRegion = English;
			hasScannedForEncodings = 0;
			knownRegions = (
				en,
				Base,
			);
			mainGroup = E1B9248B1E576BF000B4F272;
			productRefGroup = E1B924951E576BF100B4F272 /* Products */;
			projectDirPath = "";
			projectRoot = "";
			targets = (
				E1B924931E576BF000B4F272 /* WePlay */,
				E1B924AB1E576BF100B4F272 /* WePlayTests */,
				E1B924B61E576BF100B4F272 /* WePlayUITests */,
			);
		};
/* End PBXProject section */

/* Begin PBXResourcesBuildPhase section */
		E1B924921E576BF000B4F272 /* Resources */ = {
			isa = PBXResourcesBuildPhase;
			buildActionMask = 2147483647;
			files = (
				E1B924A31E576BF100B4F272 /* Assets.xcassets in Resources */,
				E195A9761E60A3C5004E3ABE /* GoogleService-Info.plist in Resources */,
				E10C668F1E57AD2B00F83B1B /* bg.mp4 in Resources */,
				E1B924A11E576BF100B4F272 /* Main.storyboard in Resources */,
			);
			runOnlyForDeploymentPostprocessing = 0;
		};
		E1B924AA1E576BF100B4F272 /* Resources */ = {
			isa = PBXResourcesBuildPhase;
			buildActionMask = 2147483647;
			files = (
			);
			runOnlyForDeploymentPostprocessing = 0;
		};
		E1B924B51E576BF100B4F272 /* Resources */ = {
			isa = PBXResourcesBuildPhase;
			buildActionMask = 2147483647;
			files = (
			);
			runOnlyForDeploymentPostprocessing = 0;
		};
/* End PBXResourcesBuildPhase section */

/* Begin PBXShellScriptBuildPhase section */
		45E6382678D8C0DC552925E3 /* [CP] Copy Pods Resources */ = {
			isa = PBXShellScriptBuildPhase;
			buildActionMask = 2147483647;
			files = (
			);
			inputPaths = (
			);
			name = "[CP] Copy Pods Resources";
			outputPaths = (
			);
			runOnlyForDeploymentPostprocessing = 0;
			shellPath = /bin/sh;
			shellScript = "\"${SRCROOT}/Pods/Target Support Files/Pods-WePlay/Pods-WePlay-resources.sh\"\n";
			showEnvVarsInLog = 0;
		};
		B88473441540E3254EBAD108 /* [CP] Check Pods Manifest.lock */ = {
			isa = PBXShellScriptBuildPhase;
			buildActionMask = 2147483647;
			files = (
			);
			inputPaths = (
			);
			name = "[CP] Check Pods Manifest.lock";
			outputPaths = (
			);
			runOnlyForDeploymentPostprocessing = 0;
			shellPath = /bin/sh;
			shellScript = "diff \"${PODS_ROOT}/../Podfile.lock\" \"${PODS_ROOT}/Manifest.lock\" > /dev/null\nif [ $? != 0 ] ; then\n    # print error to STDERR\n    echo \"error: The sandbox is not in sync with the Podfile.lock. Run 'pod install' or update your CocoaPods installation.\" >&2\n    exit 1\nfi\n";
			showEnvVarsInLog = 0;
		};
		CD0D25479E9EB801F08E0320 /* [CP] Embed Pods Frameworks */ = {
			isa = PBXShellScriptBuildPhase;
			buildActionMask = 2147483647;
			files = (
			);
			inputPaths = (
			);
			name = "[CP] Embed Pods Frameworks";
			outputPaths = (
			);
			runOnlyForDeploymentPostprocessing = 0;
			shellPath = /bin/sh;
			shellScript = "\"${SRCROOT}/Pods/Target Support Files/Pods-WePlay/Pods-WePlay-frameworks.sh\"\n";
			showEnvVarsInLog = 0;
		};
/* End PBXShellScriptBuildPhase section */

/* Begin PBXSourcesBuildPhase section */
		E1B924901E576BF000B4F272 /* Sources */ = {
			isa = PBXSourcesBuildPhase;
			buildActionMask = 2147483647;
			files = (
				E13E11F81E747C920042C372 /* CustomSegue.swift in Sources */,
				E1B924981E576BF100B4F272 /* AppDelegate.swift in Sources */,
				E13E11FA1E749E410042C372 /* SegueFromLeft.swift in Sources */,
				E11B0C881E724CAF00C61361 /* CurrentEventsVC.swift in Sources */,
				E1F22C1D1E6F859C00BEE359 /* SwipeNavigationVC.swift in Sources */,
				4973E6B21E7249560046F060 /* ProfileVC.swift in Sources */,
				E11AB5BD1E64B8A200B2354E /* Channel.swift in Sources */,
				49B87A241E74CFA300C41DF4 /* ProfileBg.swift in Sources */,
				4973E6B41E7254050046F060 /* ProfileButtonView.swift in Sources */,
				E11AB5BB1E64AF8F00B2354E /* ChannelViewVC.swift in Sources */,
				E1348F8F1E6391E600574AE3 /* RadialMenu.swift in Sources */,
				E11B0C8A1E73298F00C61361 /* TransitionManager.swift in Sources */,
				E13C9E801E6C69A7008235D9 /* MagicTBC.swift in Sources */,
				E1348F8D1E63917000574AE3 /* LandingPgVC.swift in Sources */,
				E11AB5B91E64AF4000B2354E /* ChannelListVC.swift in Sources */,
				E1348F911E6392B800574AE3 /* RadialButton.swift in Sources */,
				E13C9E881E6DFBF3008235D9 /* MagicVC.swift in Sources */,
				E11AB5C11E65386600B2354E /* UIImage+Gif.swift in Sources */,
				E10C668C1E57A37700F83B1B /* LoginVC.swift in Sources */,
				E1DAE80A1E65E80E0076E69A /* CreateChannelCell.swift in Sources */,
			);
			runOnlyForDeploymentPostprocessing = 0;
		};
		E1B924A81E576BF100B4F272 /* Sources */ = {
			isa = PBXSourcesBuildPhase;
			buildActionMask = 2147483647;
			files = (
				E1C170B91E6299A3008E4D69 /* AppDelegate.swift in Sources */,
				E1B924B11E576BF100B4F272 /* WePlayTests.swift in Sources */,
				E1C170BB1E6299A7008E4D69 /* LoginVC.swift in Sources */,
			);
			runOnlyForDeploymentPostprocessing = 0;
		};
		E1B924B31E576BF100B4F272 /* Sources */ = {
			isa = PBXSourcesBuildPhase;
			buildActionMask = 2147483647;
			files = (
				E1C170BA1E6299A4008E4D69 /* AppDelegate.swift in Sources */,
				E1B924BC1E576BF100B4F272 /* WePlayUITests.swift in Sources */,
				E1C170BC1E6299A8008E4D69 /* LoginVC.swift in Sources */,
			);
			runOnlyForDeploymentPostprocessing = 0;
		};
/* End PBXSourcesBuildPhase section */

/* Begin PBXTargetDependency section */
		E1B924AE1E576BF100B4F272 /* PBXTargetDependency */ = {
			isa = PBXTargetDependency;
			target = E1B924931E576BF000B4F272 /* WePlay */;
			targetProxy = E1B924AD1E576BF100B4F272 /* PBXContainerItemProxy */;
		};
		E1B924B91E576BF100B4F272 /* PBXTargetDependency */ = {
			isa = PBXTargetDependency;
			target = E1B924931E576BF000B4F272 /* WePlay */;
			targetProxy = E1B924B81E576BF100B4F272 /* PBXContainerItemProxy */;
		};
/* End PBXTargetDependency section */

/* Begin PBXVariantGroup section */
		E1B9249F1E576BF100B4F272 /* Main.storyboard */ = {
			isa = PBXVariantGroup;
			children = (
				E1B924A01E576BF100B4F272 /* Base */,
			);
			name = Main.storyboard;
			sourceTree = "<group>";
		};
		E1B924A41E576BF100B4F272 /* LaunchScreen.storyboard */ = {
			isa = PBXVariantGroup;
			children = (
				E1B924A51E576BF100B4F272 /* Base */,
			);
			name = LaunchScreen.storyboard;
			sourceTree = "<group>";
		};
/* End PBXVariantGroup section */

/* Begin XCBuildConfiguration section */
		E1B924BE1E576BF100B4F272 /* Debug */ = {
			isa = XCBuildConfiguration;
			buildSettings = {
				ALWAYS_SEARCH_USER_PATHS = NO;
				CLANG_ANALYZER_NONNULL = YES;
				CLANG_CXX_LANGUAGE_STANDARD = "gnu++0x";
				CLANG_CXX_LIBRARY = "libc++";
				CLANG_ENABLE_MODULES = YES;
				CLANG_ENABLE_OBJC_ARC = YES;
				CLANG_WARN_BOOL_CONVERSION = YES;
				CLANG_WARN_CONSTANT_CONVERSION = YES;
				CLANG_WARN_DIRECT_OBJC_ISA_USAGE = YES_ERROR;
				CLANG_WARN_DOCUMENTATION_COMMENTS = YES;
				CLANG_WARN_EMPTY_BODY = YES;
				CLANG_WARN_ENUM_CONVERSION = YES;
				CLANG_WARN_INFINITE_RECURSION = YES;
				CLANG_WARN_INT_CONVERSION = YES;
				CLANG_WARN_OBJC_ROOT_CLASS = YES_ERROR;
				CLANG_WARN_SUSPICIOUS_MOVE = YES;
				CLANG_WARN_UNREACHABLE_CODE = YES;
				CLANG_WARN__DUPLICATE_METHOD_MATCH = YES;
				"CODE_SIGN_IDENTITY[sdk=iphoneos*]" = "iPhone Developer";
				COPY_PHASE_STRIP = NO;
				DEBUG_INFORMATION_FORMAT = dwarf;
				ENABLE_STRICT_OBJC_MSGSEND = YES;
				ENABLE_TESTABILITY = YES;
				GCC_C_LANGUAGE_STANDARD = gnu99;
				GCC_DYNAMIC_NO_PIC = NO;
				GCC_NO_COMMON_BLOCKS = YES;
				GCC_OPTIMIZATION_LEVEL = 0;
				GCC_PREPROCESSOR_DEFINITIONS = (
					"DEBUG=1",
					"$(inherited)",
				);
				GCC_WARN_64_TO_32_BIT_CONVERSION = YES;
				GCC_WARN_ABOUT_RETURN_TYPE = YES_ERROR;
				GCC_WARN_UNDECLARED_SELECTOR = YES;
				GCC_WARN_UNINITIALIZED_AUTOS = YES_AGGRESSIVE;
				GCC_WARN_UNUSED_FUNCTION = YES;
				GCC_WARN_UNUSED_VARIABLE = YES;
				IPHONEOS_DEPLOYMENT_TARGET = 10.2;
				MTL_ENABLE_DEBUG_INFO = YES;
				ONLY_ACTIVE_ARCH = YES;
				SDKROOT = iphoneos;
				SWIFT_ACTIVE_COMPILATION_CONDITIONS = DEBUG;
				SWIFT_OBJC_BRIDGING_HEADER = "";
				SWIFT_OPTIMIZATION_LEVEL = "-Onone";
			};
			name = Debug;
		};
		E1B924BF1E576BF100B4F272 /* Release */ = {
			isa = XCBuildConfiguration;
			buildSettings = {
				ALWAYS_SEARCH_USER_PATHS = NO;
				CLANG_ANALYZER_NONNULL = YES;
				CLANG_CXX_LANGUAGE_STANDARD = "gnu++0x";
				CLANG_CXX_LIBRARY = "libc++";
				CLANG_ENABLE_MODULES = YES;
				CLANG_ENABLE_OBJC_ARC = YES;
				CLANG_WARN_BOOL_CONVERSION = YES;
				CLANG_WARN_CONSTANT_CONVERSION = YES;
				CLANG_WARN_DIRECT_OBJC_ISA_USAGE = YES_ERROR;
				CLANG_WARN_DOCUMENTATION_COMMENTS = YES;
				CLANG_WARN_EMPTY_BODY = YES;
				CLANG_WARN_ENUM_CONVERSION = YES;
				CLANG_WARN_INFINITE_RECURSION = YES;
				CLANG_WARN_INT_CONVERSION = YES;
				CLANG_WARN_OBJC_ROOT_CLASS = YES_ERROR;
				CLANG_WARN_SUSPICIOUS_MOVE = YES;
				CLANG_WARN_UNREACHABLE_CODE = YES;
				CLANG_WARN__DUPLICATE_METHOD_MATCH = YES;
				"CODE_SIGN_IDENTITY[sdk=iphoneos*]" = "iPhone Developer";
				COPY_PHASE_STRIP = NO;
				DEBUG_INFORMATION_FORMAT = "dwarf-with-dsym";
				ENABLE_NS_ASSERTIONS = NO;
				ENABLE_STRICT_OBJC_MSGSEND = YES;
				GCC_C_LANGUAGE_STANDARD = gnu99;
				GCC_NO_COMMON_BLOCKS = YES;
				GCC_WARN_64_TO_32_BIT_CONVERSION = YES;
				GCC_WARN_ABOUT_RETURN_TYPE = YES_ERROR;
				GCC_WARN_UNDECLARED_SELECTOR = YES;
				GCC_WARN_UNINITIALIZED_AUTOS = YES_AGGRESSIVE;
				GCC_WARN_UNUSED_FUNCTION = YES;
				GCC_WARN_UNUSED_VARIABLE = YES;
				IPHONEOS_DEPLOYMENT_TARGET = 10.2;
				MTL_ENABLE_DEBUG_INFO = NO;
				SDKROOT = iphoneos;
				SWIFT_OBJC_BRIDGING_HEADER = "";
				SWIFT_OPTIMIZATION_LEVEL = "-Owholemodule";
				VALIDATE_PRODUCT = YES;
			};
			name = Release;
		};
		E1B924C11E576BF100B4F272 /* Debug */ = {
			isa = XCBuildConfiguration;
			baseConfigurationReference = 9A70378DFE354060CBCFA864 /* Pods-WePlay.debug.xcconfig */;
			buildSettings = {
				ASSETCATALOG_COMPILER_APPICON_NAME = AppIcon;
				CLANG_ENABLE_MODULES = YES;
				DEVELOPMENT_TEAM = X7JTK6KCA7;
				INFOPLIST_FILE = WePlay/Info.plist;
				IPHONEOS_DEPLOYMENT_TARGET = 10.0;
				LD_RUNPATH_SEARCH_PATHS = "$(inherited) @executable_path/Frameworks";
				PRODUCT_BUNDLE_IDENTIFIER = WePlay.App;
				PRODUCT_NAME = "$(TARGET_NAME)";
				SWIFT_OBJC_BRIDGING_HEADER = "/Users/B1ackK3yz/Documents/iOS Apps/WePlay/WePlay/Bridging.h";
				SWIFT_OPTIMIZATION_LEVEL = "-Onone";
				SWIFT_VERSION = 3.0;
			};
			name = Debug;
		};
		E1B924C21E576BF100B4F272 /* Release */ = {
			isa = XCBuildConfiguration;
			baseConfigurationReference = 94FD9880296593FEB59F26D9 /* Pods-WePlay.release.xcconfig */;
			buildSettings = {
				ASSETCATALOG_COMPILER_APPICON_NAME = AppIcon;
				CLANG_ENABLE_MODULES = YES;
				DEVELOPMENT_TEAM = X7JTK6KCA7;
				INFOPLIST_FILE = WePlay/Info.plist;
				IPHONEOS_DEPLOYMENT_TARGET = 10.0;
				LD_RUNPATH_SEARCH_PATHS = "$(inherited) @executable_path/Frameworks";
				PRODUCT_BUNDLE_IDENTIFIER = WePlay.App;
				PRODUCT_NAME = "$(TARGET_NAME)";
				SWIFT_OBJC_BRIDGING_HEADER = "/Users/B1ackK3yz/Documents/iOS Apps/WePlay/WePlay/Bridging.h";
				SWIFT_VERSION = 3.0;
			};
			name = Release;
		};
		E1B924C41E576BF100B4F272 /* Debug */ = {
			isa = XCBuildConfiguration;
			buildSettings = {
				ALWAYS_EMBED_SWIFT_STANDARD_LIBRARIES = YES;
				BUNDLE_LOADER = "$(TEST_HOST)";
				DEVELOPMENT_TEAM = 965PYCY9CN;
				INFOPLIST_FILE = WePlayTests/Info.plist;
				LD_RUNPATH_SEARCH_PATHS = "$(inherited) @executable_path/Frameworks @loader_path/Frameworks";
				PRODUCT_BUNDLE_IDENTIFIER = WePlay.WePlayTests;
				PRODUCT_NAME = "$(TARGET_NAME)";
				SWIFT_VERSION = 3.0;
				TEST_HOST = "$(BUILT_PRODUCTS_DIR)/WePlay.app/WePlay";
			};
			name = Debug;
		};
		E1B924C51E576BF100B4F272 /* Release */ = {
			isa = XCBuildConfiguration;
			buildSettings = {
				ALWAYS_EMBED_SWIFT_STANDARD_LIBRARIES = YES;
				BUNDLE_LOADER = "$(TEST_HOST)";
				DEVELOPMENT_TEAM = 965PYCY9CN;
				INFOPLIST_FILE = WePlayTests/Info.plist;
				LD_RUNPATH_SEARCH_PATHS = "$(inherited) @executable_path/Frameworks @loader_path/Frameworks";
				PRODUCT_BUNDLE_IDENTIFIER = WePlay.WePlayTests;
				PRODUCT_NAME = "$(TARGET_NAME)";
				SWIFT_VERSION = 3.0;
				TEST_HOST = "$(BUILT_PRODUCTS_DIR)/WePlay.app/WePlay";
			};
			name = Release;
		};
		E1B924C71E576BF100B4F272 /* Debug */ = {
			isa = XCBuildConfiguration;
			buildSettings = {
				ALWAYS_EMBED_SWIFT_STANDARD_LIBRARIES = YES;
				DEVELOPMENT_TEAM = 965PYCY9CN;
				INFOPLIST_FILE = WePlayUITests/Info.plist;
				LD_RUNPATH_SEARCH_PATHS = "$(inherited) @executable_path/Frameworks @loader_path/Frameworks";
				PRODUCT_BUNDLE_IDENTIFIER = WePlay.WePlayUITests;
				PRODUCT_NAME = "$(TARGET_NAME)";
				SWIFT_VERSION = 3.0;
				TEST_TARGET_NAME = WePlay;
			};
			name = Debug;
		};
		E1B924C81E576BF100B4F272 /* Release */ = {
			isa = XCBuildConfiguration;
			buildSettings = {
				ALWAYS_EMBED_SWIFT_STANDARD_LIBRARIES = YES;
				DEVELOPMENT_TEAM = 965PYCY9CN;
				INFOPLIST_FILE = WePlayUITests/Info.plist;
				LD_RUNPATH_SEARCH_PATHS = "$(inherited) @executable_path/Frameworks @loader_path/Frameworks";
				PRODUCT_BUNDLE_IDENTIFIER = WePlay.WePlayUITests;
				PRODUCT_NAME = "$(TARGET_NAME)";
				SWIFT_VERSION = 3.0;
				TEST_TARGET_NAME = WePlay;
			};
			name = Release;
		};
/* End XCBuildConfiguration section */

/* Begin XCConfigurationList section */
		E1B9248F1E576BF000B4F272 /* Build configuration list for PBXProject "WePlay" */ = {
			isa = XCConfigurationList;
			buildConfigurations = (
				E1B924BE1E576BF100B4F272 /* Debug */,
				E1B924BF1E576BF100B4F272 /* Release */,
			);
			defaultConfigurationIsVisible = 0;
			defaultConfigurationName = Release;
		};
		E1B924C01E576BF100B4F272 /* Build configuration list for PBXNativeTarget "WePlay" */ = {
			isa = XCConfigurationList;
			buildConfigurations = (
				E1B924C11E576BF100B4F272 /* Debug */,
				E1B924C21E576BF100B4F272 /* Release */,
			);
			defaultConfigurationIsVisible = 0;
			defaultConfigurationName = Release;
		};
		E1B924C31E576BF100B4F272 /* Build configuration list for PBXNativeTarget "WePlayTests" */ = {
			isa = XCConfigurationList;
			buildConfigurations = (
				E1B924C41E576BF100B4F272 /* Debug */,
				E1B924C51E576BF100B4F272 /* Release */,
			);
			defaultConfigurationIsVisible = 0;
			defaultConfigurationName = Release;
		};
		E1B924C61E576BF100B4F272 /* Build configuration list for PBXNativeTarget "WePlayUITests" */ = {
			isa = XCConfigurationList;
			buildConfigurations = (
				E1B924C71E576BF100B4F272 /* Debug */,
				E1B924C81E576BF100B4F272 /* Release */,
			);
			defaultConfigurationIsVisible = 0;
			defaultConfigurationName = Release;
		};
/* End XCConfigurationList section */
	};
	rootObject = E1B9248C1E576BF000B4F272 /* Project object */;
}
